// !$*UTF8*$!
{
	archiveVersion = 1;
	classes = {
	};
	objectVersion = 46;
	objects = {

/* Begin PBXBuildFile section */
		0077114EC67DAAAC8BAF4EB2 /* libPods.a in Frameworks */ = {isa = PBXBuildFile; fileRef = 7017B1896688753862D182D8 /* libPods.a */; };
		4343E2C31B052C6E0026896F /* SAFTabBarController.m in Sources */ = {isa = PBXBuildFile; fileRef = 4343E2C21B052C6E0026896F /* SAFTabBarController.m */; };
		4343E2C81B052D5E0026896F /* feedIcon2X.png in Resources */ = {isa = PBXBuildFile; fileRef = 4343E2C41B052D5E0026896F /* feedIcon2X.png */; };
		4343E2C91B052D5E0026896F /* feedIcon3X.png in Resources */ = {isa = PBXBuildFile; fileRef = 4343E2C51B052D5E0026896F /* feedIcon3X.png */; };
		4343E2CA1B052D5E0026896F /* gamesListIcon2X.png in Resources */ = {isa = PBXBuildFile; fileRef = 4343E2C61B052D5E0026896F /* gamesListIcon2X.png */; };
		4343E2CB1B052D5E0026896F /* gamesListIcon3X.png in Resources */ = {isa = PBXBuildFile; fileRef = 4343E2C71B052D5E0026896F /* gamesListIcon3X.png */; };
		43B566271ACE3C980045E61E /* main.m in Sources */ = {isa = PBXBuildFile; fileRef = 43B566261ACE3C980045E61E /* main.m */; };
		43B5662A1ACE3C980045E61E /* AppDelegate.m in Sources */ = {isa = PBXBuildFile; fileRef = 43B566291ACE3C980045E61E /* AppDelegate.m */; };
		43B566351ACE3C980045E61E /* Images.xcassets in Resources */ = {isa = PBXBuildFile; fileRef = 43B566341ACE3C980045E61E /* Images.xcassets */; };
		43B566381ACE3C980045E61E /* LaunchScreen.xib in Resources */ = {isa = PBXBuildFile; fileRef = 43B566361ACE3C980045E61E /* LaunchScreen.xib */; };
		43B566441ACE3C980045E61E /* PictureThisTests.m in Sources */ = {isa = PBXBuildFile; fileRef = 43B566431ACE3C980045E61E /* PictureThisTests.m */; };
		43E352D81ACF2D8C001D0560 /* FeedViewController.m in Sources */ = {isa = PBXBuildFile; fileRef = 43E352D71ACF2D8C001D0560 /* FeedViewController.m */; };
		43E352DB1ACF2DA7001D0560 /* GamesListViewController.m in Sources */ = {isa = PBXBuildFile; fileRef = 43E352DA1ACF2DA7001D0560 /* GamesListViewController.m */; };
		43EC49461B06617C009DD2E3 /* SAFParseHelper.m in Sources */ = {isa = PBXBuildFile; fileRef = 43EC49451B06617C009DD2E3 /* SAFParseHelper.m */; };
		43EC49491B0662DF009DD2E3 /* Singleton.m in Sources */ = {isa = PBXBuildFile; fileRef = 43EC49481B0662DF009DD2E3 /* Singleton.m */; };
		43F2D9681AD06157005FE1CA /* feedIcon.png in Resources */ = {isa = PBXBuildFile; fileRef = 43F2D9661AD06157005FE1CA /* feedIcon.png */; };
		43F2D9691AD06157005FE1CA /* gamesListIcon.png in Resources */ = {isa = PBXBuildFile; fileRef = 43F2D9671AD06157005FE1CA /* gamesListIcon.png */; };
/* End PBXBuildFile section */

/* Begin PBXContainerItemProxy section */
		43B5663E1ACE3C980045E61E /* PBXContainerItemProxy */ = {
			isa = PBXContainerItemProxy;
			containerPortal = 43B566191ACE3C980045E61E /* Project object */;
			proxyType = 1;
			remoteGlobalIDString = 43B566201ACE3C980045E61E;
			remoteInfo = PictureThis;
		};
/* End PBXContainerItemProxy section */

/* Begin PBXFileReference section */
		4343E2C11B052C6E0026896F /* SAFTabBarController.h */ = {isa = PBXFileReference; fileEncoding = 4; lastKnownFileType = sourcecode.c.h; path = SAFTabBarController.h; sourceTree = "<group>"; };
		4343E2C21B052C6E0026896F /* SAFTabBarController.m */ = {isa = PBXFileReference; fileEncoding = 4; lastKnownFileType = sourcecode.c.objc; path = SAFTabBarController.m; sourceTree = "<group>"; };
		4343E2C41B052D5E0026896F /* feedIcon2X.png */ = {isa = PBXFileReference; lastKnownFileType = image.png; path = feedIcon2X.png; sourceTree = "<group>"; };
		4343E2C51B052D5E0026896F /* feedIcon3X.png */ = {isa = PBXFileReference; lastKnownFileType = image.png; path = feedIcon3X.png; sourceTree = "<group>"; };
		4343E2C61B052D5E0026896F /* gamesListIcon2X.png */ = {isa = PBXFileReference; lastKnownFileType = image.png; path = gamesListIcon2X.png; sourceTree = "<group>"; };
		4343E2C71B052D5E0026896F /* gamesListIcon3X.png */ = {isa = PBXFileReference; lastKnownFileType = image.png; path = gamesListIcon3X.png; sourceTree = "<group>"; };
		43B566211ACE3C980045E61E /* PictureThis.app */ = {isa = PBXFileReference; explicitFileType = wrapper.application; includeInIndex = 0; path = PictureThis.app; sourceTree = BUILT_PRODUCTS_DIR; };
		43B566251ACE3C980045E61E /* Info.plist */ = {isa = PBXFileReference; lastKnownFileType = text.plist.xml; path = Info.plist; sourceTree = "<group>"; };
		43B566261ACE3C980045E61E /* main.m */ = {isa = PBXFileReference; lastKnownFileType = sourcecode.c.objc; path = main.m; sourceTree = "<group>"; };
		43B566281ACE3C980045E61E /* AppDelegate.h */ = {isa = PBXFileReference; lastKnownFileType = sourcecode.c.h; path = AppDelegate.h; sourceTree = "<group>"; };
		43B566291ACE3C980045E61E /* AppDelegate.m */ = {isa = PBXFileReference; lastKnownFileType = sourcecode.c.objc; path = AppDelegate.m; sourceTree = "<group>"; };
		43B566341ACE3C980045E61E /* Images.xcassets */ = {isa = PBXFileReference; lastKnownFileType = folder.assetcatalog; path = Images.xcassets; sourceTree = "<group>"; };
		43B566371ACE3C980045E61E /* Base */ = {isa = PBXFileReference; lastKnownFileType = file.xib; name = Base; path = Base.lproj/LaunchScreen.xib; sourceTree = "<group>"; };
		43B5663D1ACE3C980045E61E /* PictureThisTests.xctest */ = {isa = PBXFileReference; explicitFileType = wrapper.cfbundle; includeInIndex = 0; path = PictureThisTests.xctest; sourceTree = BUILT_PRODUCTS_DIR; };
		43B566421ACE3C980045E61E /* Info.plist */ = {isa = PBXFileReference; lastKnownFileType = text.plist.xml; path = Info.plist; sourceTree = "<group>"; };
		43B566431ACE3C980045E61E /* PictureThisTests.m */ = {isa = PBXFileReference; lastKnownFileType = sourcecode.c.objc; path = PictureThisTests.m; sourceTree = "<group>"; };
		43E352D61ACF2D8C001D0560 /* FeedViewController.h */ = {isa = PBXFileReference; fileEncoding = 4; lastKnownFileType = sourcecode.c.h; path = FeedViewController.h; sourceTree = "<group>"; };
		43E352D71ACF2D8C001D0560 /* FeedViewController.m */ = {isa = PBXFileReference; fileEncoding = 4; lastKnownFileType = sourcecode.c.objc; path = FeedViewController.m; sourceTree = "<group>"; };
		43E352D91ACF2DA7001D0560 /* GamesListViewController.h */ = {isa = PBXFileReference; fileEncoding = 4; lastKnownFileType = sourcecode.c.h; path = GamesListViewController.h; sourceTree = "<group>"; };
		43E352DA1ACF2DA7001D0560 /* GamesListViewController.m */ = {isa = PBXFileReference; fileEncoding = 4; lastKnownFileType = sourcecode.c.objc; path = GamesListViewController.m; sourceTree = "<group>"; };
		43EC49431B06617C009DD2E3 /* PrefixHeader.pch */ = {isa = PBXFileReference; fileEncoding = 4; lastKnownFileType = sourcecode.c.h; path = PrefixHeader.pch; sourceTree = "<group>"; };
		43EC49441B06617C009DD2E3 /* SAFParseHelper.h */ = {isa = PBXFileReference; fileEncoding = 4; lastKnownFileType = sourcecode.c.h; path = SAFParseHelper.h; sourceTree = "<group>"; };
		43EC49451B06617C009DD2E3 /* SAFParseHelper.m */ = {isa = PBXFileReference; fileEncoding = 4; lastKnownFileType = sourcecode.c.objc; path = SAFParseHelper.m; sourceTree = "<group>"; };
		43EC49471B0662DF009DD2E3 /* Singleton.h */ = {isa = PBXFileReference; fileEncoding = 4; lastKnownFileType = sourcecode.c.h; path = Singleton.h; sourceTree = "<group>"; };
		43EC49481B0662DF009DD2E3 /* Singleton.m */ = {isa = PBXFileReference; fileEncoding = 4; lastKnownFileType = sourcecode.c.objc; path = Singleton.m; sourceTree = "<group>"; };
		43F2D9661AD06157005FE1CA /* feedIcon.png */ = {isa = PBXFileReference; lastKnownFileType = image.png; path = feedIcon.png; sourceTree = "<group>"; };
		43F2D9671AD06157005FE1CA /* gamesListIcon.png */ = {isa = PBXFileReference; lastKnownFileType = image.png; path = gamesListIcon.png; sourceTree = "<group>"; };
		7017B1896688753862D182D8 /* libPods.a */ = {isa = PBXFileReference; explicitFileType = archive.ar; includeInIndex = 0; path = libPods.a; sourceTree = BUILT_PRODUCTS_DIR; };
		8053A285AEE3CFCCE6E1E3C5 /* Pods.release.xcconfig */ = {isa = PBXFileReference; includeInIndex = 1; lastKnownFileType = text.xcconfig; name = Pods.release.xcconfig; path = "Pods/Target Support Files/Pods/Pods.release.xcconfig"; sourceTree = "<group>"; };
		FDA1F23F6D5557A20EE5D541 /* Pods.debug.xcconfig */ = {isa = PBXFileReference; includeInIndex = 1; lastKnownFileType = text.xcconfig; name = Pods.debug.xcconfig; path = "Pods/Target Support Files/Pods/Pods.debug.xcconfig"; sourceTree = "<group>"; };
/* End PBXFileReference section */

/* Begin PBXFrameworksBuildPhase section */
		43B5661E1ACE3C980045E61E /* Frameworks */ = {
			isa = PBXFrameworksBuildPhase;
			buildActionMask = 2147483647;
			files = (
				0077114EC67DAAAC8BAF4EB2 /* libPods.a in Frameworks */,
			);
			runOnlyForDeploymentPostprocessing = 0;
		};
		43B5663A1ACE3C980045E61E /* Frameworks */ = {
			isa = PBXFrameworksBuildPhase;
			buildActionMask = 2147483647;
			files = (
			);
			runOnlyForDeploymentPostprocessing = 0;
		};
/* End PBXFrameworksBuildPhase section */

/* Begin PBXGroup section */
		3AC575A0DBA9CED3AFC37891 /* Pods */ = {
			isa = PBXGroup;
			children = (
				FDA1F23F6D5557A20EE5D541 /* Pods.debug.xcconfig */,
				8053A285AEE3CFCCE6E1E3C5 /* Pods.release.xcconfig */,
			);
			name = Pods;
			sourceTree = "<group>";
		};
		43B566181ACE3C980045E61E = {
			isa = PBXGroup;
			children = (
				43B566231ACE3C980045E61E /* PictureThis */,
				43B566401ACE3C980045E61E /* PictureThisTests */,
				43B566221ACE3C980045E61E /* Products */,
				3AC575A0DBA9CED3AFC37891 /* Pods */,
				60AF81A45159CC4372FC1BF6 /* Frameworks */,
			);
			sourceTree = "<group>";
		};
		43B566221ACE3C980045E61E /* Products */ = {
			isa = PBXGroup;
			children = (
				43B566211ACE3C980045E61E /* PictureThis.app */,
				43B5663D1ACE3C980045E61E /* PictureThisTests.xctest */,
			);
			name = Products;
			sourceTree = "<group>";
		};
		43B566231ACE3C980045E61E /* PictureThis */ = {
			isa = PBXGroup;
			children = (
				43B566281ACE3C980045E61E /* AppDelegate.h */,
				43B566291ACE3C980045E61E /* AppDelegate.m */,
				4343E2C11B052C6E0026896F /* SAFTabBarController.h */,
				4343E2C21B052C6E0026896F /* SAFTabBarController.m */,
				43E352D61ACF2D8C001D0560 /* FeedViewController.h */,
				43E352D71ACF2D8C001D0560 /* FeedViewController.m */,
				43E352D91ACF2DA7001D0560 /* GamesListViewController.h */,
				43E352DA1ACF2DA7001D0560 /* GamesListViewController.m */,
				43EC49441B06617C009DD2E3 /* SAFParseHelper.h */,
				43EC49451B06617C009DD2E3 /* SAFParseHelper.m */,
				43EC49471B0662DF009DD2E3 /* Singleton.h */,
				43EC49481B0662DF009DD2E3 /* Singleton.m */,
				43F2D9651AD06157005FE1CA /* Images */,
				43B566341ACE3C980045E61E /* Images.xcassets */,
				43B566361ACE3C980045E61E /* LaunchScreen.xib */,
				43B566241ACE3C980045E61E /* Supporting Files */,
			);
			path = PictureThis;
			sourceTree = "<group>";
		};
		43B566241ACE3C980045E61E /* Supporting Files */ = {
			isa = PBXGroup;
			children = (
				43EC49431B06617C009DD2E3 /* PrefixHeader.pch */,
				43B566251ACE3C980045E61E /* Info.plist */,
				43B566261ACE3C980045E61E /* main.m */,
			);
			name = "Supporting Files";
			sourceTree = "<group>";
		};
		43B566401ACE3C980045E61E /* PictureThisTests */ = {
			isa = PBXGroup;
			children = (
				43B566431ACE3C980045E61E /* PictureThisTests.m */,
				43B566411ACE3C980045E61E /* Supporting Files */,
			);
			path = PictureThisTests;
			sourceTree = "<group>";
		};
		43B566411ACE3C980045E61E /* Supporting Files */ = {
			isa = PBXGroup;
			children = (
				43B566421ACE3C980045E61E /* Info.plist */,
			);
			name = "Supporting Files";
			sourceTree = "<group>";
		};
		43F2D9651AD06157005FE1CA /* Images */ = {
			isa = PBXGroup;
			children = (
				4343E2C41B052D5E0026896F /* feedIcon2X.png */,
				4343E2C51B052D5E0026896F /* feedIcon3X.png */,
				4343E2C61B052D5E0026896F /* gamesListIcon2X.png */,
				4343E2C71B052D5E0026896F /* gamesListIcon3X.png */,
				43F2D9661AD06157005FE1CA /* feedIcon.png */,
				43F2D9671AD06157005FE1CA /* gamesListIcon.png */,
			);
			path = Images;
			sourceTree = SOURCE_ROOT;
		};
		60AF81A45159CC4372FC1BF6 /* Frameworks */ = {
			isa = PBXGroup;
			children = (
				7017B1896688753862D182D8 /* libPods.a */,
			);
			name = Frameworks;
			sourceTree = "<group>";
		};
/* End PBXGroup section */

/* Begin PBXNativeTarget section */
		43B566201ACE3C980045E61E /* PictureThis */ = {
			isa = PBXNativeTarget;
			buildConfigurationList = 43B566471ACE3C980045E61E /* Build configuration list for PBXNativeTarget "PictureThis" */;
			buildPhases = (
				4A05B4AC68BAAD5D629CD44E /* Check Pods Manifest.lock */,
				43B5661D1ACE3C980045E61E /* Sources */,
				43B5661E1ACE3C980045E61E /* Frameworks */,
				43B5661F1ACE3C980045E61E /* Resources */,
				9A68529CDD57E91446DE940C /* Copy Pods Resources */,
			);
			buildRules = (
			);
			dependencies = (
			);
			name = PictureThis;
			productName = PictureThis;
			productReference = 43B566211ACE3C980045E61E /* PictureThis.app */;
			productType = "com.apple.product-type.application";
		};
		43B5663C1ACE3C980045E61E /* PictureThisTests */ = {
			isa = PBXNativeTarget;
			buildConfigurationList = 43B5664A1ACE3C980045E61E /* Build configuration list for PBXNativeTarget "PictureThisTests" */;
			buildPhases = (
				43B566391ACE3C980045E61E /* Sources */,
				43B5663A1ACE3C980045E61E /* Frameworks */,
				43B5663B1ACE3C980045E61E /* Resources */,
			);
			buildRules = (
			);
			dependencies = (
				43B5663F1ACE3C980045E61E /* PBXTargetDependency */,
			);
			name = PictureThisTests;
			productName = PictureThisTests;
			productReference = 43B5663D1ACE3C980045E61E /* PictureThisTests.xctest */;
			productType = "com.apple.product-type.bundle.unit-test";
		};
/* End PBXNativeTarget section */

/* Begin PBXProject section */
		43B566191ACE3C980045E61E /* Project object */ = {
			isa = PBXProject;
			attributes = {
				LastUpgradeCheck = 0620;
				ORGANIZATIONNAME = "Jake Saferstein";
				TargetAttributes = {
					43B566201ACE3C980045E61E = {
						CreatedOnToolsVersion = 6.2;
					};
					43B5663C1ACE3C980045E61E = {
						CreatedOnToolsVersion = 6.2;
						TestTargetID = 43B566201ACE3C980045E61E;
					};
				};
			};
			buildConfigurationList = 43B5661C1ACE3C980045E61E /* Build configuration list for PBXProject "PictureThis" */;
			compatibilityVersion = "Xcode 3.2";
			developmentRegion = English;
			hasScannedForEncodings = 0;
			knownRegions = (
				en,
				Base,
			);
			mainGroup = 43B566181ACE3C980045E61E;
			productRefGroup = 43B566221ACE3C980045E61E /* Products */;
			projectDirPath = "";
			projectRoot = "";
			targets = (
				43B566201ACE3C980045E61E /* PictureThis */,
				43B5663C1ACE3C980045E61E /* PictureThisTests */,
			);
		};
/* End PBXProject section */

/* Begin PBXResourcesBuildPhase section */
		43B5661F1ACE3C980045E61E /* Resources */ = {
			isa = PBXResourcesBuildPhase;
			buildActionMask = 2147483647;
			files = (
				4343E2C81B052D5E0026896F /* feedIcon2X.png in Resources */,
				4343E2C91B052D5E0026896F /* feedIcon3X.png in Resources */,
				4343E2CA1B052D5E0026896F /* gamesListIcon2X.png in Resources */,
				4343E2CB1B052D5E0026896F /* gamesListIcon3X.png in Resources */,
				43B566381ACE3C980045E61E /* LaunchScreen.xib in Resources */,
				43B566351ACE3C980045E61E /* Images.xcassets in Resources */,
				43F2D9691AD06157005FE1CA /* gamesListIcon.png in Resources */,
				43F2D9681AD06157005FE1CA /* feedIcon.png in Resources */,
			);
			runOnlyForDeploymentPostprocessing = 0;
		};
		43B5663B1ACE3C980045E61E /* Resources */ = {
			isa = PBXResourcesBuildPhase;
			buildActionMask = 2147483647;
			files = (
			);
			runOnlyForDeploymentPostprocessing = 0;
		};
/* End PBXResourcesBuildPhase section */

/* Begin PBXShellScriptBuildPhase section */
		4A05B4AC68BAAD5D629CD44E /* Check Pods Manifest.lock */ = {
			isa = PBXShellScriptBuildPhase;
			buildActionMask = 2147483647;
			files = (
			);
			inputPaths = (
			);
			name = "Check Pods Manifest.lock";
			outputPaths = (
			);
			runOnlyForDeploymentPostprocessing = 0;
			shellPath = /bin/sh;
			shellScript = "diff \"${PODS_ROOT}/../Podfile.lock\" \"${PODS_ROOT}/Manifest.lock\" > /dev/null\nif [[ $? != 0 ]] ; then\n    cat << EOM\nerror: The sandbox is not in sync with the Podfile.lock. Run 'pod install' or update your CocoaPods installation.\nEOM\n    exit 1\nfi\n";
			showEnvVarsInLog = 0;
		};
		9A68529CDD57E91446DE940C /* Copy Pods Resources */ = {
			isa = PBXShellScriptBuildPhase;
			buildActionMask = 2147483647;
			files = (
			);
			inputPaths = (
			);
			name = "Copy Pods Resources";
			outputPaths = (
			);
			runOnlyForDeploymentPostprocessing = 0;
			shellPath = /bin/sh;
			shellScript = "\"${SRCROOT}/Pods/Target Support Files/Pods/Pods-resources.sh\"\n";
			showEnvVarsInLog = 0;
		};
/* End PBXShellScriptBuildPhase section */

/* Begin PBXSourcesBuildPhase section */
		43B5661D1ACE3C980045E61E /* Sources */ = {
			isa = PBXSourcesBuildPhase;
			buildActionMask = 2147483647;
			files = (
				43E352DB1ACF2DA7001D0560 /* GamesListViewController.m in Sources */,
				43B5662A1ACE3C980045E61E /* AppDelegate.m in Sources */,
				43E352D81ACF2D8C001D0560 /* FeedViewController.m in Sources */,
				4343E2C31B052C6E0026896F /* SAFTabBarController.m in Sources */,
				43EC49491B0662DF009DD2E3 /* Singleton.m in Sources */,
				43EC49461B06617C009DD2E3 /* SAFParseHelper.m in Sources */,
				43B566271ACE3C980045E61E /* main.m in Sources */,
			);
			runOnlyForDeploymentPostprocessing = 0;
		};
		43B566391ACE3C980045E61E /* Sources */ = {
			isa = PBXSourcesBuildPhase;
			buildActionMask = 2147483647;
			files = (
				43B566441ACE3C980045E61E /* PictureThisTests.m in Sources */,
			);
			runOnlyForDeploymentPostprocessing = 0;
		};
/* End PBXSourcesBuildPhase section */

/* Begin PBXTargetDependency section */
		43B5663F1ACE3C980045E61E /* PBXTargetDependency */ = {
			isa = PBXTargetDependency;
			target = 43B566201ACE3C980045E61E /* PictureThis */;
			targetProxy = 43B5663E1ACE3C980045E61E /* PBXContainerItemProxy */;
		};
/* End PBXTargetDependency section */

/* Begin PBXVariantGroup section */
		43B566361ACE3C980045E61E /* LaunchScreen.xib */ = {
			isa = PBXVariantGroup;
			children = (
				43B566371ACE3C980045E61E /* Base */,
			);
			name = LaunchScreen.xib;
			sourceTree = "<group>";
		};
/* End PBXVariantGroup section */

/* Begin XCBuildConfiguration section */
		43B566451ACE3C980045E61E /* Debug */ = {
			isa = XCBuildConfiguration;
			buildSettings = {
				ALWAYS_SEARCH_USER_PATHS = NO;
				CLANG_CXX_LANGUAGE_STANDARD = "gnu++0x";
				CLANG_CXX_LIBRARY = "libc++";
				CLANG_ENABLE_MODULES = YES;
				CLANG_ENABLE_OBJC_ARC = YES;
				CLANG_WARN_BOOL_CONVERSION = YES;
				CLANG_WARN_CONSTANT_CONVERSION = YES;
				CLANG_WARN_DIRECT_OBJC_ISA_USAGE = YES_ERROR;
				CLANG_WARN_EMPTY_BODY = YES;
				CLANG_WARN_ENUM_CONVERSION = YES;
				CLANG_WARN_INT_CONVERSION = YES;
				CLANG_WARN_OBJC_ROOT_CLASS = YES_ERROR;
				CLANG_WARN_UNREACHABLE_CODE = YES;
				CLANG_WARN__DUPLICATE_METHOD_MATCH = YES;
				"CODE_SIGN_IDENTITY[sdk=iphoneos*]" = "iPhone Developer";
				COPY_PHASE_STRIP = NO;
				ENABLE_STRICT_OBJC_MSGSEND = YES;
				GCC_C_LANGUAGE_STANDARD = gnu99;
				GCC_DYNAMIC_NO_PIC = NO;
				GCC_OPTIMIZATION_LEVEL = 0;
				GCC_PRECOMPILE_PREFIX_HEADER = NO;
				GCC_PREPROCESSOR_DEFINITIONS = (
					"DEBUG=1",
					"$(inherited)",
				);
				GCC_SYMBOLS_PRIVATE_EXTERN = NO;
				GCC_WARN_64_TO_32_BIT_CONVERSION = YES;
				GCC_WARN_ABOUT_RETURN_TYPE = YES_ERROR;
				GCC_WARN_UNDECLARED_SELECTOR = YES;
				GCC_WARN_UNINITIALIZED_AUTOS = YES_AGGRESSIVE;
				GCC_WARN_UNUSED_FUNCTION = YES;
				GCC_WARN_UNUSED_VARIABLE = YES;
				IPHONEOS_DEPLOYMENT_TARGET = 8.2;
				MTL_ENABLE_DEBUG_INFO = YES;
				ONLY_ACTIVE_ARCH = YES;
				SDKROOT = iphoneos;
			};
			name = Debug;
		};
		43B566461ACE3C980045E61E /* Release */ = {
			isa = XCBuildConfiguration;
			buildSettings = {
				ALWAYS_SEARCH_USER_PATHS = NO;
				CLANG_CXX_LANGUAGE_STANDARD = "gnu++0x";
				CLANG_CXX_LIBRARY = "libc++";
				CLANG_ENABLE_MODULES = YES;
				CLANG_ENABLE_OBJC_ARC = YES;
				CLANG_WARN_BOOL_CONVERSION = YES;
				CLANG_WARN_CONSTANT_CONVERSION = YES;
				CLANG_WARN_DIRECT_OBJC_ISA_USAGE = YES_ERROR;
				CLANG_WARN_EMPTY_BODY = YES;
				CLANG_WARN_ENUM_CONVERSION = YES;
				CLANG_WARN_INT_CONVERSION = YES;
				CLANG_WARN_OBJC_ROOT_CLASS = YES_ERROR;
				CLANG_WARN_UNREACHABLE_CODE = YES;
				CLANG_WARN__DUPLICATE_METHOD_MATCH = YES;
				"CODE_SIGN_IDENTITY[sdk=iphoneos*]" = "iPhone Developer";
				COPY_PHASE_STRIP = NO;
				ENABLE_NS_ASSERTIONS = NO;
				ENABLE_STRICT_OBJC_MSGSEND = YES;
				GCC_C_LANGUAGE_STANDARD = gnu99;
				GCC_PRECOMPILE_PREFIX_HEADER = NO;
				GCC_WARN_64_TO_32_BIT_CONVERSION = YES;
				GCC_WARN_ABOUT_RETURN_TYPE = YES_ERROR;
				GCC_WARN_UNDECLARED_SELECTOR = YES;
				GCC_WARN_UNINITIALIZED_AUTOS = YES_AGGRESSIVE;
				GCC_WARN_UNUSED_FUNCTION = YES;
				GCC_WARN_UNUSED_VARIABLE = YES;
				IPHONEOS_DEPLOYMENT_TARGET = 8.2;
				MTL_ENABLE_DEBUG_INFO = NO;
				SDKROOT = iphoneos;
				VALIDATE_PRODUCT = YES;
			};
			name = Release;
		};
		43B566481ACE3C980045E61E /* Debug */ = {
			isa = XCBuildConfiguration;
			baseConfigurationReference = FDA1F23F6D5557A20EE5D541 /* Pods.debug.xcconfig */;
			buildSettings = {
				ASSETCATALOG_COMPILER_APPICON_NAME = AppIcon;
				GCC_PRECOMPILE_PREFIX_HEADER = YES;
				GCC_PREFIX_HEADER = PictureThis/PrefixHeader.pch;
				INFOPLIST_FILE = PictureThis/Info.plist;
				LD_RUNPATH_SEARCH_PATHS = "$(inherited) @executable_path/Frameworks";
				PRODUCT_NAME = "$(TARGET_NAME)";
			};
			name = Debug;
		};
		43B566491ACE3C980045E61E /* Release */ = {
			isa = XCBuildConfiguration;
			baseConfigurationReference = 8053A285AEE3CFCCE6E1E3C5 /* Pods.release.xcconfig */;
			buildSettings = {
				ASSETCATALOG_COMPILER_APPICON_NAME = AppIcon;
				GCC_PRECOMPILE_PREFIX_HEADER = YES;
				GCC_PREFIX_HEADER = PictureThis/PrefixHeader.pch;
				INFOPLIST_FILE = PictureThis/Info.plist;
				LD_RUNPATH_SEARCH_PATHS = "$(inherited) @executable_path/Frameworks";
				PRODUCT_NAME = "$(TARGET_NAME)";
			};
			name = Release;
		};
		43B5664B1ACE3C980045E61E /* Debug */ = {
			isa = XCBuildConfiguration;
			buildSettings = {
				BUNDLE_LOADER = "$(TEST_HOST)";
				FRAMEWORK_SEARCH_PATHS = (
					"$(SDKROOT)/Developer/Library/Frameworks",
					"$(inherited)",
				);
				GCC_PREPROCESSOR_DEFINITIONS = (
					"DEBUG=1",
					"$(inherited)",
				);
				INFOPLIST_FILE = PictureThisTests/Info.plist;
				LD_RUNPATH_SEARCH_PATHS = "$(inherited) @executable_path/Frameworks @loader_path/Frameworks";
				PRODUCT_NAME = "$(TARGET_NAME)";
				TEST_HOST = "$(BUILT_PRODUCTS_DIR)/PictureThis.app/PictureThis";
			};
			name = Debug;
		};
		43B5664C1ACE3C980045E61E /* Release */ = {
			isa = XCBuildConfiguration;
			buildSettings = {
				BUNDLE_LOADER = "$(TEST_HOST)";
				FRAMEWORK_SEARCH_PATHS = (
					"$(SDKROOT)/Developer/Library/Frameworks",
					"$(inherited)",
				);
				INFOPLIST_FILE = PictureThisTests/Info.plist;
				LD_RUNPATH_SEARCH_PATHS = "$(inherited) @executable_path/Frameworks @loader_path/Frameworks";
				PRODUCT_NAME = "$(TARGET_NAME)";
				TEST_HOST = "$(BUILT_PRODUCTS_DIR)/PictureThis.app/PictureThis";
			};
			name = Release;
		};
/* End XCBuildConfiguration section */

/* Begin XCConfigurationList section */
		43B5661C1ACE3C980045E61E /* Build configuration list for PBXProject "PictureThis" */ = {
			isa = XCConfigurationList;
			buildConfigurations = (
				43B566451ACE3C980045E61E /* Debug */,
				43B566461ACE3C980045E61E /* Release */,
			);
			defaultConfigurationIsVisible = 0;
			defaultConfigurationName = Release;
		};
		43B566471ACE3C980045E61E /* Build configuration list for PBXNativeTarget "PictureThis" */ = {
			isa = XCConfigurationList;
			buildConfigurations = (
				43B566481ACE3C980045E61E /* Debug */,
				43B566491ACE3C980045E61E /* Release */,
			);
			defaultConfigurationIsVisible = 0;
			defaultConfigurationName = Release;
		};
		43B5664A1ACE3C980045E61E /* Build configuration list for PBXNativeTarget "PictureThisTests" */ = {
			isa = XCConfigurationList;
			buildConfigurations = (
				43B5664B1ACE3C980045E61E /* Debug */,
				43B5664C1ACE3C980045E61E /* Release */,
			);
			defaultConfigurationIsVisible = 0;
			defaultConfigurationName = Release;
		};
/* End XCConfigurationList section */
	};
	rootObject = 43B566191ACE3C980045E61E /* Project object */;
}
